
Microsoft Visual Studio Solution File, Format Version 12.00
# Visual Studio Version 17
VisualStudioVersion = 17.0.32112.339
MinimumVisualStudioVersion = 10.0.40219.1
Project("{FAE04EC0-301F-11D3-BF4B-00C04F79EFBC}") = "ASP.NET-TodoAPI", "ASP.NET-TodoAPI.csproj", "{B1AC363F-A008-4F8F-82D6-E01DB6DE7A1B}"
EndProject
Global
	GlobalSection(SolutionConfigurationPlatforms) = preSolution
		Debug|Any CPU = Debug|Any CPU
		Release|Any CPU = Release|Any CPU
	EndGlobalSection
	GlobalSection(ProjectConfigurationPlatforms) = postSolution
		{B1AC363F-A008-4F8F-82D6-E01DB6DE7A1B}.Debug|Any CPU.ActiveCfg = Debug|Any CPU
		{B1AC363F-A008-4F8F-82D6-E01DB6DE7A1B}.Debug|Any CPU.Build.0 = Debug|Any CPU
		{B1AC363F-A008-4F8F-82D6-E01DB6DE7A1B}.Release|Any CPU.ActiveCfg = Release|Any CPU
		{B1AC363F-A008-4F8F-82D6-E01DB6DE7A1B}.Release|Any CPU.Build.0 = Release|Any CPU
	EndGlobalSection
	GlobalSection(SolutionProperties) = preSolution
		HideSolutionNode = FALSE
	EndGlobalSection
	GlobalSection(ExtensibilityGlobals) = postSolution
		SolutionGuid = {FEB07050-DB92-4DE5-80B4-B7547381DF7A}
	EndGlobalSection
EndGlobal
